
Microsoft Visual Studio Solution File, Format Version 12.00
# Visual Studio Version 16
VisualStudioVersion = 16.0.29201.188
MinimumVisualStudioVersion = 10.0.40219.1
Project("{FAE04EC0-301F-11D3-BF4B-00C04F79EFBC}") = "algo-practice-csharp", "algo-practice-csharp.csproj", "{69FA9AAF-8882-453E-984B-219C436B8389}"
EndProject
Global
	GlobalSection(SolutionConfigurationPlatforms) = preSolution
		Debug|Any CPU = Debug|Any CPU
		Release|Any CPU = Release|Any CPU
	EndGlobalSection
	GlobalSection(ProjectConfigurationPlatforms) = postSolution
		{69FA9AAF-8882-453E-984B-219C436B8389}.Debug|Any CPU.ActiveCfg = Debug|Any CPU
		{69FA9AAF-8882-453E-984B-219C436B8389}.Debug|Any CPU.Build.0 = Debug|Any CPU
		{69FA9AAF-8882-453E-984B-219C436B8389}.Release|Any CPU.ActiveCfg = Release|Any CPU
		{69FA9AAF-8882-453E-984B-219C436B8389}.Release|Any CPU.Build.0 = Release|Any CPU
	EndGlobalSection
	GlobalSection(SolutionProperties) = preSolution
		HideSolutionNode = FALSE
	EndGlobalSection
	GlobalSection(ExtensibilityGlobals) = postSolution
		SolutionGuid = {A979A60A-FA28-44A8-9D29-5E7F77072C24}
	EndGlobalSection
EndGlobal
